{
  "name": "vue-reactive-persisted",
  "version": "1.0.0",
  "lockfileVersion": 1,
  "requires": true,
  "dependencies": {
    "dotly": {
      "version": "1.0.1",
      "resolved": "https://registry.npmjs.org/dotly/-/dotly-1.0.1.tgz",
      "integrity": "sha512-H8nX7Db5E0eABmKfz4T4iUG+TtAatr5mhvUNM4c7/LOq2RPqVGPYoKt2/QyxappWzMuiaa/NlO34QoVPoI1eYg=="
    }
  }
}
